{
  "version": 4,
  "terraform_version": "0.12.2",
  "serial": 5,
  "lineage": "12a7f131-5f66-86b3-7b7d-c92c7fcf6f14",
  "outputs": {},
  "resources": [
    {
      "mode": "managed",
      "type": "aws_instance",
      "name": "wp_dev",
      "provider": "provider.aws",
      "instances": [
        {
          "schema_version": 1,
          "attributes": {
            "ami": "ami-0c322300a1dd5dc79",
            "arn": "arn:aws:ec2:us-east-1:842459912491:instance/i-0090b49b650135bb3",
            "associate_public_ip_address": true,
            "availability_zone": "us-east-1c",
            "cpu_core_count": 1,
            "cpu_threads_per_core": 1,
            "credit_specification": [
              {
                "cpu_credits": "standard"
              }
            ],
            "disable_api_termination": false,
            "ebs_block_device": [],
            "ebs_optimized": false,
            "ephemeral_block_device": [],
            "get_password_data": false,
            "hibernation": false,
            "host_id": null,
            "iam_instance_profile": "",
            "id": "i-0090b49b650135bb3",
            "instance_initiated_shutdown_behavior": null,
            "instance_state": "running",
            "instance_type": "t2.micro",
            "ipv6_address_count": 0,
            "ipv6_addresses": [],
            "key_name": "terraform",
            "monitoring": false,
            "network_interface": [],
            "network_interface_id": null,
            "password_data": "",
            "placement_group": "",
            "primary_network_interface_id": "eni-0b2380e6750378019",
            "private_dns": "ip-172-31-22-88.ec2.internal",
            "private_ip": "172.31.22.88",
            "public_dns": "ec2-54-146-164-178.compute-1.amazonaws.com",
            "public_ip": "54.146.164.178",
            "root_block_device": [
              {
                "delete_on_termination": true,
                "encrypted": false,
                "iops": 100,
                "kms_key_id": "",
                "volume_id": "vol-0c85c33753034e624",
                "volume_size": 10,
                "volume_type": "gp2"
              }
            ],
            "security_groups": [
              "Web-dmz"
            ],
            "source_dest_check": true,
            "subnet_id": "subnet-0c39cf41",
            "tags": null,
            "tenancy": "default",
            "timeouts": null,
            "user_data": null,
            "user_data_base64": null,
            "volume_tags": {},
            "vpc_security_group_ids": [
              "sg-0440c3e6cfe8b8031"
            ]
          },
          "private": "eyJlMmJmYjczMC1lY2FhLTExZTYtOGY4OC0zNDM2M2JjN2M0YzAiOnsiY3JlYXRlIjo2MDAwMDAwMDAwMDAsImRlbGV0ZSI6MTIwMDAwMDAwMDAwMCwidXBkYXRlIjo2MDAwMDAwMDAwMDB9LCJzY2hlbWFfdmVyc2lvbiI6IjEifQ==",
          "depends_on": [
            "aws_key_pair.wp_auth"
          ]
        }
      ]
    },
    {
      "mode": "managed",
      "type": "aws_key_pair",
      "name": "wp_auth",
      "provider": "provider.aws",
      "instances": [
        {
          "schema_version": 1,
          "attributes": {
            "fingerprint": "be:aa:ba:64:b5:47:b8:98:1e:c0:08:13:df:c4:aa:46",
            "id": "terraform",
            "key_name": "terraform",
            "key_name_prefix": null,
            "key_pair_id": "key-0e6cd33de244a8eac",
            "public_key": "ssh-rsa AAAAB3NzaC1yc2EAAAADAQABAAABAQC1fM1FgCq8mq67uUfL5tUkxZJtPFMBzPLwQJhSHToG3dr4/X5v9y0IePHqwNOZs4kTA0vSGdf1QmiTHLfv4iZ+eX2v3nkU8RWFmvRmKSnNtakQVjZcRLs4P684OMODhkomqK8rOW0FwJ8QzX8Xp7I25x1AGeQvZV1HIUTMnXeigAbkZMQOMnVhMXb+hJT2aMFuHO0WwjNTzj9vsH69aXGrnzkZsO1dRtkRAXCVI+UUxb6EHLCs+YKfRKq4DIiu0EyxFZq2MAR8AuDXsBdPVbbo85zwxcEsWYtgbJD+uH51dVXLNrZUpN4vG++xo2DEgIU/1J3Lwr8PQNkk3ZG0D6gj cloud_user@santoshkaluva161c.mylabserver.com",
            "tags": {}
          },
          "private": "eyJzY2hlbWFfdmVyc2lvbiI6IjEifQ=="
        }
      ]
    }
  ]
}
